<Solution>
  <Folder Name="/Task0/">
    <Project Path="Tyuiu.PervuhinEY.Sprint0.Task0.V0/Tyuiu.PervuhinEY.Sprint0.Task0.V0.csproj" Id="cf2a49bf-4ad7-4404-96d9-712d569910b2" />
  </Folder>
  <Folder Name="/Task1/">
    <Project Path="Tyuiu.PervukhinEY.Sprint0.Task1.V0/Tyuiu.PervukhinEY.Sprint0.Task1.V0.csproj" Id="d17b628c-c166-404e-a45a-0153a36a7d7f" />
  </Folder>
</Solution>
